// !$*UTF8*$!
{
	archiveVersion = 1;
	classes = {
	};
	objectVersion = 56;
	objects = {

/* Begin PBXBuildFile section */
		2E556E3F2A825A1000668DA8 /* AppDelegate.swift in Sources */ = {isa = PBXBuildFile; fileRef = 2E556E3E2A825A1000668DA8 /* AppDelegate.swift */; };
		2E556E412A825A1000668DA8 /* SceneDelegate.swift in Sources */ = {isa = PBXBuildFile; fileRef = 2E556E402A825A1000668DA8 /* SceneDelegate.swift */; };
		2E556E432A825A1000668DA8 /* RMTabViewController.swift in Sources */ = {isa = PBXBuildFile; fileRef = 2E556E422A825A1000668DA8 /* RMTabViewController.swift */; };
		2E556E482A825A1100668DA8 /* Assets.xcassets in Resources */ = {isa = PBXBuildFile; fileRef = 2E556E472A825A1100668DA8 /* Assets.xcassets */; };
		2E556E4B2A825A1100668DA8 /* LaunchScreen.storyboard in Resources */ = {isa = PBXBuildFile; fileRef = 2E556E492A825A1100668DA8 /* LaunchScreen.storyboard */; };
		2E556E5A2A825E5900668DA8 /* RMLocations.swift in Sources */ = {isa = PBXBuildFile; fileRef = 2E556E592A825E5900668DA8 /* RMLocations.swift */; };
		2E556E5C2A825E6F00668DA8 /* RMCharacter.swift in Sources */ = {isa = PBXBuildFile; fileRef = 2E556E5B2A825E6F00668DA8 /* RMCharacter.swift */; };
		2E556E5E2A825E8500668DA8 /* RMEpisode.swift in Sources */ = {isa = PBXBuildFile; fileRef = 2E556E5D2A825E8500668DA8 /* RMEpisode.swift */; };
		2E556E612A825FC800668DA8 /* RMCharacterViewController.swift in Sources */ = {isa = PBXBuildFile; fileRef = 2E556E602A825FC800668DA8 /* RMCharacterViewController.swift */; };
		2E556E632A825FFE00668DA8 /* RMLocationsViewController.swift in Sources */ = {isa = PBXBuildFile; fileRef = 2E556E622A825FFE00668DA8 /* RMLocationsViewController.swift */; };
		2E556E652A82601100668DA8 /* RMEpisodesViewController.swift in Sources */ = {isa = PBXBuildFile; fileRef = 2E556E642A82601100668DA8 /* RMEpisodesViewController.swift */; };
		2E556E672A82602A00668DA8 /* RMSettingsViewController.swift in Sources */ = {isa = PBXBuildFile; fileRef = 2E556E662A82602A00668DA8 /* RMSettingsViewController.swift */; };
		2EAD39552A83C2180069D84A /* RMService.swift in Sources */ = {isa = PBXBuildFile; fileRef = 2EAD39542A83C2180069D84A /* RMService.swift */; };
		2EAD39572A83C23D0069D84A /* RMRequest.swift in Sources */ = {isa = PBXBuildFile; fileRef = 2EAD39562A83C23D0069D84A /* RMRequest.swift */; };
		2EAD39592A83C4870069D84A /* RMEndpoint.swift in Sources */ = {isa = PBXBuildFile; fileRef = 2EAD39582A83C4870069D84A /* RMEndpoint.swift */; };
		2EAD395B2A83D2C70069D84A /* RMOrigin.swift in Sources */ = {isa = PBXBuildFile; fileRef = 2EAD395A2A83D2C70069D84A /* RMOrigin.swift */; };
		2EAD395D2A83D41D0069D84A /* RMSingletLocation.swift in Sources */ = {isa = PBXBuildFile; fileRef = 2EAD395C2A83D41D0069D84A /* RMSingletLocation.swift */; };
		2EAD395F2A83D5AF0069D84A /* RMCharacterStatus.swift in Sources */ = {isa = PBXBuildFile; fileRef = 2EAD395E2A83D5AF0069D84A /* RMCharacterStatus.swift */; };
		2EAD39612A83D5FB0069D84A /* RMCharacterGender.swift in Sources */ = {isa = PBXBuildFile; fileRef = 2EAD39602A83D5FB0069D84A /* RMCharacterGender.swift */; };
		2EAD39652A84D4510069D84A /* RMGetAllCharactersResponse.swift in Sources */ = {isa = PBXBuildFile; fileRef = 2EAD39642A84D4510069D84A /* RMGetAllCharactersResponse.swift */; };
/* End PBXBuildFile section */

/* Begin PBXFileReference section */
		2E556E3B2A825A1000668DA8 /* RickAndMorty.app */ = {isa = PBXFileReference; explicitFileType = wrapper.application; includeInIndex = 0; path = RickAndMorty.app; sourceTree = BUILT_PRODUCTS_DIR; };
		2E556E3E2A825A1000668DA8 /* AppDelegate.swift */ = {isa = PBXFileReference; lastKnownFileType = sourcecode.swift; path = AppDelegate.swift; sourceTree = "<group>"; };
		2E556E402A825A1000668DA8 /* SceneDelegate.swift */ = {isa = PBXFileReference; lastKnownFileType = sourcecode.swift; path = SceneDelegate.swift; sourceTree = "<group>"; };
		2E556E422A825A1000668DA8 /* RMTabViewController.swift */ = {isa = PBXFileReference; lastKnownFileType = sourcecode.swift; path = RMTabViewController.swift; sourceTree = "<group>"; };
		2E556E472A825A1100668DA8 /* Assets.xcassets */ = {isa = PBXFileReference; lastKnownFileType = folder.assetcatalog; path = Assets.xcassets; sourceTree = "<group>"; };
		2E556E4A2A825A1100668DA8 /* Base */ = {isa = PBXFileReference; lastKnownFileType = file.storyboard; name = Base; path = Base.lproj/LaunchScreen.storyboard; sourceTree = "<group>"; };
		2E556E4C2A825A1100668DA8 /* Info.plist */ = {isa = PBXFileReference; lastKnownFileType = text.plist.xml; path = Info.plist; sourceTree = "<group>"; };
		2E556E592A825E5900668DA8 /* RMLocations.swift */ = {isa = PBXFileReference; lastKnownFileType = sourcecode.swift; path = RMLocations.swift; sourceTree = "<group>"; };
		2E556E5B2A825E6F00668DA8 /* RMCharacter.swift */ = {isa = PBXFileReference; lastKnownFileType = sourcecode.swift; path = RMCharacter.swift; sourceTree = "<group>"; };
		2E556E5D2A825E8500668DA8 /* RMEpisode.swift */ = {isa = PBXFileReference; lastKnownFileType = sourcecode.swift; path = RMEpisode.swift; sourceTree = "<group>"; };
		2E556E602A825FC800668DA8 /* RMCharacterViewController.swift */ = {isa = PBXFileReference; lastKnownFileType = sourcecode.swift; path = RMCharacterViewController.swift; sourceTree = "<group>"; };
		2E556E622A825FFE00668DA8 /* RMLocationsViewController.swift */ = {isa = PBXFileReference; lastKnownFileType = sourcecode.swift; path = RMLocationsViewController.swift; sourceTree = "<group>"; };
		2E556E642A82601100668DA8 /* RMEpisodesViewController.swift */ = {isa = PBXFileReference; lastKnownFileType = sourcecode.swift; path = RMEpisodesViewController.swift; sourceTree = "<group>"; };
		2E556E662A82602A00668DA8 /* RMSettingsViewController.swift */ = {isa = PBXFileReference; lastKnownFileType = sourcecode.swift; path = RMSettingsViewController.swift; sourceTree = "<group>"; };
		2EAD39542A83C2180069D84A /* RMService.swift */ = {isa = PBXFileReference; lastKnownFileType = sourcecode.swift; path = RMService.swift; sourceTree = "<group>"; };
		2EAD39562A83C23D0069D84A /* RMRequest.swift */ = {isa = PBXFileReference; lastKnownFileType = sourcecode.swift; path = RMRequest.swift; sourceTree = "<group>"; };
		2EAD39582A83C4870069D84A /* RMEndpoint.swift */ = {isa = PBXFileReference; lastKnownFileType = sourcecode.swift; path = RMEndpoint.swift; sourceTree = "<group>"; };
		2EAD395A2A83D2C70069D84A /* RMOrigin.swift */ = {isa = PBXFileReference; lastKnownFileType = sourcecode.swift; path = RMOrigin.swift; sourceTree = "<group>"; };
		2EAD395C2A83D41D0069D84A /* RMSingletLocation.swift */ = {isa = PBXFileReference; lastKnownFileType = sourcecode.swift; path = RMSingletLocation.swift; sourceTree = "<group>"; };
		2EAD395E2A83D5AF0069D84A /* RMCharacterStatus.swift */ = {isa = PBXFileReference; lastKnownFileType = sourcecode.swift; path = RMCharacterStatus.swift; sourceTree = "<group>"; };
		2EAD39602A83D5FB0069D84A /* RMCharacterGender.swift */ = {isa = PBXFileReference; lastKnownFileType = sourcecode.swift; path = RMCharacterGender.swift; sourceTree = "<group>"; };
		2EAD39642A84D4510069D84A /* RMGetAllCharactersResponse.swift */ = {isa = PBXFileReference; lastKnownFileType = sourcecode.swift; path = RMGetAllCharactersResponse.swift; sourceTree = "<group>"; };
/* End PBXFileReference section */

/* Begin PBXFrameworksBuildPhase section */
		2E556E382A825A1000668DA8 /* Frameworks */ = {
			isa = PBXFrameworksBuildPhase;
			buildActionMask = 2147483647;
			files = (
			);
			runOnlyForDeploymentPostprocessing = 0;
		};
/* End PBXFrameworksBuildPhase section */

/* Begin PBXGroup section */
		2E556E322A825A1000668DA8 = {
			isa = PBXGroup;
			children = (
				2E556E3D2A825A1000668DA8 /* RickAndMorty */,
				2E556E3C2A825A1000668DA8 /* Products */,
			);
			sourceTree = "<group>";
		};
		2E556E3C2A825A1000668DA8 /* Products */ = {
			isa = PBXGroup;
			children = (
				2E556E3B2A825A1000668DA8 /* RickAndMorty.app */,
			);
			name = Products;
			sourceTree = "<group>";
		};
		2E556E3D2A825A1000668DA8 /* RickAndMorty */ = {
			isa = PBXGroup;
			children = (
				2E556E582A825D8D00668DA8 /* Resources */,
				2E556E572A825D6F00668DA8 /* Managers */,
				2E556E562A825D6000668DA8 /* APIClient */,
				2E556E552A825D5400668DA8 /* ViewModels */,
				2E556E542A825D4500668DA8 /* Views */,
				2E556E532A825D3A00668DA8 /* Models */,
				2E556E522A825D2300668DA8 /* Controllers */,
				2E556E4C2A825A1100668DA8 /* Info.plist */,
			);
			path = RickAndMorty;
			sourceTree = "<group>";
		};
		2E556E522A825D2300668DA8 /* Controllers */ = {
			isa = PBXGroup;
			children = (
				2E556E5F2A825F4700668DA8 /* Core */,
			);
			path = Controllers;
			sourceTree = "<group>";
		};
		2E556E532A825D3A00668DA8 /* Models */ = {
			isa = PBXGroup;
			children = (
				2EAD39632A84D4130069D84A /* ApiResponseTypes */,
				2EAD39622A84D3FF0069D84A /* DataTypes */,
			);
			path = Models;
			sourceTree = "<group>";
		};
		2E556E542A825D4500668DA8 /* Views */ = {
			isa = PBXGroup;
			children = (
			);
			path = Views;
			sourceTree = "<group>";
		};
		2E556E552A825D5400668DA8 /* ViewModels */ = {
			isa = PBXGroup;
			children = (
			);
			path = ViewModels;
			sourceTree = "<group>";
		};
		2E556E562A825D6000668DA8 /* APIClient */ = {
			isa = PBXGroup;
			children = (
				2EAD39542A83C2180069D84A /* RMService.swift */,
				2EAD39562A83C23D0069D84A /* RMRequest.swift */,
				2EAD39582A83C4870069D84A /* RMEndpoint.swift */,
			);
			path = APIClient;
			sourceTree = "<group>";
		};
		2E556E572A825D6F00668DA8 /* Managers */ = {
			isa = PBXGroup;
			children = (
			);
			path = Managers;
			sourceTree = "<group>";
		};
		2E556E582A825D8D00668DA8 /* Resources */ = {
			isa = PBXGroup;
			children = (
				2E556E472A825A1100668DA8 /* Assets.xcassets */,
				2E556E492A825A1100668DA8 /* LaunchScreen.storyboard */,
				2E556E3E2A825A1000668DA8 /* AppDelegate.swift */,
				2E556E402A825A1000668DA8 /* SceneDelegate.swift */,
			);
			path = Resources;
			sourceTree = "<group>";
		};
		2E556E5F2A825F4700668DA8 /* Core */ = {
			isa = PBXGroup;
			children = (
				2E556E422A825A1000668DA8 /* RMTabViewController.swift */,
				2E556E602A825FC800668DA8 /* RMCharacterViewController.swift */,
				2E556E622A825FFE00668DA8 /* RMLocationsViewController.swift */,
				2E556E642A82601100668DA8 /* RMEpisodesViewController.swift */,
				2E556E662A82602A00668DA8 /* RMSettingsViewController.swift */,
			);
			path = Core;
			sourceTree = "<group>";
		};
		2EAD39622A84D3FF0069D84A /* DataTypes */ = {
			isa = PBXGroup;
			children = (
				2E556E592A825E5900668DA8 /* RMLocations.swift */,
				2E556E5B2A825E6F00668DA8 /* RMCharacter.swift */,
				2E556E5D2A825E8500668DA8 /* RMEpisode.swift */,
				2EAD395A2A83D2C70069D84A /* RMOrigin.swift */,
				2EAD395C2A83D41D0069D84A /* RMSingletLocation.swift */,
				2EAD395E2A83D5AF0069D84A /* RMCharacterStatus.swift */,
				2EAD39602A83D5FB0069D84A /* RMCharacterGender.swift */,
			);
			path = DataTypes;
			sourceTree = "<group>";
		};
		2EAD39632A84D4130069D84A /* ApiResponseTypes */ = {
			isa = PBXGroup;
			children = (
				2EAD39642A84D4510069D84A /* RMGetAllCharactersResponse.swift */,
			);
			path = ApiResponseTypes;
			sourceTree = "<group>";
		};
/* End PBXGroup section */

/* Begin PBXNativeTarget section */
		2E556E3A2A825A1000668DA8 /* RickAndMorty */ = {
			isa = PBXNativeTarget;
			buildConfigurationList = 2E556E4F2A825A1100668DA8 /* Build configuration list for PBXNativeTarget "RickAndMorty" */;
			buildPhases = (
				2E556E372A825A1000668DA8 /* Sources */,
				2E556E382A825A1000668DA8 /* Frameworks */,
				2E556E392A825A1000668DA8 /* Resources */,
			);
			buildRules = (
			);
			dependencies = (
			);
			name = RickAndMorty;
			productName = RickAndMorty;
			productReference = 2E556E3B2A825A1000668DA8 /* RickAndMorty.app */;
			productType = "com.apple.product-type.application";
		};
/* End PBXNativeTarget section */

/* Begin PBXProject section */
		2E556E332A825A1000668DA8 /* Project object */ = {
			isa = PBXProject;
			attributes = {
				BuildIndependentTargetsInParallel = 1;
				LastSwiftUpdateCheck = 1430;
				LastUpgradeCheck = 1430;
				TargetAttributes = {
					2E556E3A2A825A1000668DA8 = {
						CreatedOnToolsVersion = 14.3.1;
					};
				};
			};
			buildConfigurationList = 2E556E362A825A1000668DA8 /* Build configuration list for PBXProject "RickAndMorty" */;
			compatibilityVersion = "Xcode 14.0";
			developmentRegion = en;
			hasScannedForEncodings = 0;
			knownRegions = (
				en,
				Base,
			);
			mainGroup = 2E556E322A825A1000668DA8;
			productRefGroup = 2E556E3C2A825A1000668DA8 /* Products */;
			projectDirPath = "";
			projectRoot = "";
			targets = (
				2E556E3A2A825A1000668DA8 /* RickAndMorty */,
			);
		};
/* End PBXProject section */

/* Begin PBXResourcesBuildPhase section */
		2E556E392A825A1000668DA8 /* Resources */ = {
			isa = PBXResourcesBuildPhase;
			buildActionMask = 2147483647;
			files = (
				2E556E4B2A825A1100668DA8 /* LaunchScreen.storyboard in Resources */,
				2E556E482A825A1100668DA8 /* Assets.xcassets in Resources */,
			);
			runOnlyForDeploymentPostprocessing = 0;
		};
/* End PBXResourcesBuildPhase section */

/* Begin PBXSourcesBuildPhase section */
		2E556E372A825A1000668DA8 /* Sources */ = {
			isa = PBXSourcesBuildPhase;
			buildActionMask = 2147483647;
			files = (
				2EAD395D2A83D41D0069D84A /* RMSingletLocation.swift in Sources */,
				2EAD395B2A83D2C70069D84A /* RMOrigin.swift in Sources */,
				2EAD39652A84D4510069D84A /* RMGetAllCharactersResponse.swift in Sources */,
				2EAD395F2A83D5AF0069D84A /* RMCharacterStatus.swift in Sources */,
				2EAD39612A83D5FB0069D84A /* RMCharacterGender.swift in Sources */,
				2E556E652A82601100668DA8 /* RMEpisodesViewController.swift in Sources */,
				2E556E632A825FFE00668DA8 /* RMLocationsViewController.swift in Sources */,
				2E556E5E2A825E8500668DA8 /* RMEpisode.swift in Sources */,
				2E556E432A825A1000668DA8 /* RMTabViewController.swift in Sources */,
				2E556E3F2A825A1000668DA8 /* AppDelegate.swift in Sources */,
				2E556E412A825A1000668DA8 /* SceneDelegate.swift in Sources */,
				2E556E672A82602A00668DA8 /* RMSettingsViewController.swift in Sources */,
				2EAD39552A83C2180069D84A /* RMService.swift in Sources */,
				2E556E5A2A825E5900668DA8 /* RMLocations.swift in Sources */,
				2EAD39592A83C4870069D84A /* RMEndpoint.swift in Sources */,
				2E556E5C2A825E6F00668DA8 /* RMCharacter.swift in Sources */,
				2EAD39572A83C23D0069D84A /* RMRequest.swift in Sources */,
				2E556E612A825FC800668DA8 /* RMCharacterViewController.swift in Sources */,
			);
			runOnlyForDeploymentPostprocessing = 0;
		};
/* End PBXSourcesBuildPhase section */

/* Begin PBXVariantGroup section */
		2E556E492A825A1100668DA8 /* LaunchScreen.storyboard */ = {
			isa = PBXVariantGroup;
			children = (
				2E556E4A2A825A1100668DA8 /* Base */,
			);
			name = LaunchScreen.storyboard;
			sourceTree = "<group>";
		};
/* End PBXVariantGroup section */

/* Begin XCBuildConfiguration section */
		2E556E4D2A825A1100668DA8 /* Debug */ = {
			isa = XCBuildConfiguration;
			buildSettings = {
				ALWAYS_SEARCH_USER_PATHS = NO;
				CLANG_ANALYZER_NONNULL = YES;
				CLANG_ANALYZER_NUMBER_OBJECT_CONVERSION = YES_AGGRESSIVE;
				CLANG_CXX_LANGUAGE_STANDARD = "gnu++20";
				CLANG_ENABLE_MODULES = YES;
				CLANG_ENABLE_OBJC_ARC = YES;
				CLANG_ENABLE_OBJC_WEAK = YES;
				CLANG_WARN_BLOCK_CAPTURE_AUTORELEASING = YES;
				CLANG_WARN_BOOL_CONVERSION = YES;
				CLANG_WARN_COMMA = YES;
				CLANG_WARN_CONSTANT_CONVERSION = YES;
				CLANG_WARN_DEPRECATED_OBJC_IMPLEMENTATIONS = YES;
				CLANG_WARN_DIRECT_OBJC_ISA_USAGE = YES_ERROR;
				CLANG_WARN_DOCUMENTATION_COMMENTS = YES;
				CLANG_WARN_EMPTY_BODY = YES;
				CLANG_WARN_ENUM_CONVERSION = YES;
				CLANG_WARN_INFINITE_RECURSION = YES;
				CLANG_WARN_INT_CONVERSION = YES;
				CLANG_WARN_NON_LITERAL_NULL_CONVERSION = YES;
				CLANG_WARN_OBJC_IMPLICIT_RETAIN_SELF = YES;
				CLANG_WARN_OBJC_LITERAL_CONVERSION = YES;
				CLANG_WARN_OBJC_ROOT_CLASS = YES_ERROR;
				CLANG_WARN_QUOTED_INCLUDE_IN_FRAMEWORK_HEADER = YES;
				CLANG_WARN_RANGE_LOOP_ANALYSIS = YES;
				CLANG_WARN_STRICT_PROTOTYPES = YES;
				CLANG_WARN_SUSPICIOUS_MOVE = YES;
				CLANG_WARN_UNGUARDED_AVAILABILITY = YES_AGGRESSIVE;
				CLANG_WARN_UNREACHABLE_CODE = YES;
				CLANG_WARN__DUPLICATE_METHOD_MATCH = YES;
				COPY_PHASE_STRIP = NO;
				DEBUG_INFORMATION_FORMAT = dwarf;
				ENABLE_STRICT_OBJC_MSGSEND = YES;
				ENABLE_TESTABILITY = YES;
				GCC_C_LANGUAGE_STANDARD = gnu11;
				GCC_DYNAMIC_NO_PIC = NO;
				GCC_NO_COMMON_BLOCKS = YES;
				GCC_OPTIMIZATION_LEVEL = 0;
				GCC_PREPROCESSOR_DEFINITIONS = (
					"DEBUG=1",
					"$(inherited)",
				);
				GCC_WARN_64_TO_32_BIT_CONVERSION = YES;
				GCC_WARN_ABOUT_RETURN_TYPE = YES_ERROR;
				GCC_WARN_UNDECLARED_SELECTOR = YES;
				GCC_WARN_UNINITIALIZED_AUTOS = YES_AGGRESSIVE;
				GCC_WARN_UNUSED_FUNCTION = YES;
				GCC_WARN_UNUSED_VARIABLE = YES;
				IPHONEOS_DEPLOYMENT_TARGET = 16.4;
				MTL_ENABLE_DEBUG_INFO = INCLUDE_SOURCE;
				MTL_FAST_MATH = YES;
				ONLY_ACTIVE_ARCH = YES;
				SDKROOT = iphoneos;
				SWIFT_ACTIVE_COMPILATION_CONDITIONS = DEBUG;
				SWIFT_OPTIMIZATION_LEVEL = "-Onone";
			};
			name = Debug;
		};
		2E556E4E2A825A1100668DA8 /* Release */ = {
			isa = XCBuildConfiguration;
			buildSettings = {
				ALWAYS_SEARCH_USER_PATHS = NO;
				CLANG_ANALYZER_NONNULL = YES;
				CLANG_ANALYZER_NUMBER_OBJECT_CONVERSION = YES_AGGRESSIVE;
				CLANG_CXX_LANGUAGE_STANDARD = "gnu++20";
				CLANG_ENABLE_MODULES = YES;
				CLANG_ENABLE_OBJC_ARC = YES;
				CLANG_ENABLE_OBJC_WEAK = YES;
				CLANG_WARN_BLOCK_CAPTURE_AUTORELEASING = YES;
				CLANG_WARN_BOOL_CONVERSION = YES;
				CLANG_WARN_COMMA = YES;
				CLANG_WARN_CONSTANT_CONVERSION = YES;
				CLANG_WARN_DEPRECATED_OBJC_IMPLEMENTATIONS = YES;
				CLANG_WARN_DIRECT_OBJC_ISA_USAGE = YES_ERROR;
				CLANG_WARN_DOCUMENTATION_COMMENTS = YES;
				CLANG_WARN_EMPTY_BODY = YES;
				CLANG_WARN_ENUM_CONVERSION = YES;
				CLANG_WARN_INFINITE_RECURSION = YES;
				CLANG_WARN_INT_CONVERSION = YES;
				CLANG_WARN_NON_LITERAL_NULL_CONVERSION = YES;
				CLANG_WARN_OBJC_IMPLICIT_RETAIN_SELF = YES;
				CLANG_WARN_OBJC_LITERAL_CONVERSION = YES;
				CLANG_WARN_OBJC_ROOT_CLASS = YES_ERROR;
				CLANG_WARN_QUOTED_INCLUDE_IN_FRAMEWORK_HEADER = YES;
				CLANG_WARN_RANGE_LOOP_ANALYSIS = YES;
				CLANG_WARN_STRICT_PROTOTYPES = YES;
				CLANG_WARN_SUSPICIOUS_MOVE = YES;
				CLANG_WARN_UNGUARDED_AVAILABILITY = YES_AGGRESSIVE;
				CLANG_WARN_UNREACHABLE_CODE = YES;
				CLANG_WARN__DUPLICATE_METHOD_MATCH = YES;
				COPY_PHASE_STRIP = NO;
				DEBUG_INFORMATION_FORMAT = "dwarf-with-dsym";
				ENABLE_NS_ASSERTIONS = NO;
				ENABLE_STRICT_OBJC_MSGSEND = YES;
				GCC_C_LANGUAGE_STANDARD = gnu11;
				GCC_NO_COMMON_BLOCKS = YES;
				GCC_WARN_64_TO_32_BIT_CONVERSION = YES;
				GCC_WARN_ABOUT_RETURN_TYPE = YES_ERROR;
				GCC_WARN_UNDECLARED_SELECTOR = YES;
				GCC_WARN_UNINITIALIZED_AUTOS = YES_AGGRESSIVE;
				GCC_WARN_UNUSED_FUNCTION = YES;
				GCC_WARN_UNUSED_VARIABLE = YES;
				IPHONEOS_DEPLOYMENT_TARGET = 16.4;
				MTL_ENABLE_DEBUG_INFO = NO;
				MTL_FAST_MATH = YES;
				SDKROOT = iphoneos;
				SWIFT_COMPILATION_MODE = wholemodule;
				SWIFT_OPTIMIZATION_LEVEL = "-O";
				VALIDATE_PRODUCT = YES;
			};
			name = Release;
		};
		2E556E502A825A1100668DA8 /* Debug */ = {
			isa = XCBuildConfiguration;
			buildSettings = {
				ASSETCATALOG_COMPILER_APPICON_NAME = AppIcon;
				ASSETCATALOG_COMPILER_GLOBAL_ACCENT_COLOR_NAME = AccentColor;
				CODE_SIGN_STYLE = Automatic;
				CURRENT_PROJECT_VERSION = 1;
				DEVELOPMENT_TEAM = 2H9WQTH3XU;
				GENERATE_INFOPLIST_FILE = YES;
				INFOPLIST_FILE = RickAndMorty/Info.plist;
				INFOPLIST_KEY_UIApplicationSupportsIndirectInputEvents = YES;
				INFOPLIST_KEY_UILaunchStoryboardName = LaunchScreen;
				INFOPLIST_KEY_UISupportedInterfaceOrientations_iPad = "UIInterfaceOrientationPortrait UIInterfaceOrientationPortraitUpsideDown UIInterfaceOrientationLandscapeLeft UIInterfaceOrientationLandscapeRight";
				INFOPLIST_KEY_UISupportedInterfaceOrientations_iPhone = "UIInterfaceOrientationPortrait UIInterfaceOrientationLandscapeLeft UIInterfaceOrientationLandscapeRight";
				LD_RUNPATH_SEARCH_PATHS = (
					"$(inherited)",
					"@executable_path/Frameworks",
				);
				MARKETING_VERSION = 1.0;
				PRODUCT_BUNDLE_IDENTIFIER = com.NikolayZhukov.RickAndMorty;
				PRODUCT_NAME = "$(TARGET_NAME)";
				SWIFT_EMIT_LOC_STRINGS = YES;
				SWIFT_VERSION = 5.0;
				TARGETED_DEVICE_FAMILY = "1,2";
			};
			name = Debug;
		};
		2E556E512A825A1100668DA8 /* Release */ = {
			isa = XCBuildConfiguration;
			buildSettings = {
				ASSETCATALOG_COMPILER_APPICON_NAME = AppIcon;
				ASSETCATALOG_COMPILER_GLOBAL_ACCENT_COLOR_NAME = AccentColor;
				CODE_SIGN_STYLE = Automatic;
				CURRENT_PROJECT_VERSION = 1;
				DEVELOPMENT_TEAM = 2H9WQTH3XU;
				GENERATE_INFOPLIST_FILE = YES;
				INFOPLIST_FILE = RickAndMorty/Info.plist;
				INFOPLIST_KEY_UIApplicationSupportsIndirectInputEvents = YES;
				INFOPLIST_KEY_UILaunchStoryboardName = LaunchScreen;
				INFOPLIST_KEY_UISupportedInterfaceOrientations_iPad = "UIInterfaceOrientationPortrait UIInterfaceOrientationPortraitUpsideDown UIInterfaceOrientationLandscapeLeft UIInterfaceOrientationLandscapeRight";
				INFOPLIST_KEY_UISupportedInterfaceOrientations_iPhone = "UIInterfaceOrientationPortrait UIInterfaceOrientationLandscapeLeft UIInterfaceOrientationLandscapeRight";
				LD_RUNPATH_SEARCH_PATHS = (
					"$(inherited)",
					"@executable_path/Frameworks",
				);
				MARKETING_VERSION = 1.0;
				PRODUCT_BUNDLE_IDENTIFIER = com.NikolayZhukov.RickAndMorty;
				PRODUCT_NAME = "$(TARGET_NAME)";
				SWIFT_EMIT_LOC_STRINGS = YES;
				SWIFT_VERSION = 5.0;
				TARGETED_DEVICE_FAMILY = "1,2";
			};
			name = Release;
		};
/* End XCBuildConfiguration section */

/* Begin XCConfigurationList section */
		2E556E362A825A1000668DA8 /* Build configuration list for PBXProject "RickAndMorty" */ = {
			isa = XCConfigurationList;
			buildConfigurations = (
				2E556E4D2A825A1100668DA8 /* Debug */,
				2E556E4E2A825A1100668DA8 /* Release */,
			);
			defaultConfigurationIsVisible = 0;
			defaultConfigurationName = Release;
		};
		2E556E4F2A825A1100668DA8 /* Build configuration list for PBXNativeTarget "RickAndMorty" */ = {
			isa = XCConfigurationList;
			buildConfigurations = (
				2E556E502A825A1100668DA8 /* Debug */,
				2E556E512A825A1100668DA8 /* Release */,
			);
			defaultConfigurationIsVisible = 0;
			defaultConfigurationName = Release;
		};
/* End XCConfigurationList section */
	};
	rootObject = 2E556E332A825A1000668DA8 /* Project object */;
}
